// !$*UTF8*$!
{
	archiveVersion = 1;
	classes = {
	};
	objectVersion = 56;
	objects = {

/* Begin PBXBuildFile section */
		F3AB6C102A9D8573008A9619 /* AppDelegate.swift in Sources */ = {isa = PBXBuildFile; fileRef = F3AB6C0F2A9D8573008A9619 /* AppDelegate.swift */; };
		F3AB6C142A9D8573008A9619 /* ViewController.swift in Sources */ = {isa = PBXBuildFile; fileRef = F3AB6C132A9D8573008A9619 /* ViewController.swift */; };
		F3AB6C192A9D8573008A9619 /* Assets.xcassets in Resources */ = {isa = PBXBuildFile; fileRef = F3AB6C182A9D8573008A9619 /* Assets.xcassets */; };
		F3AB6C1C2A9D8573008A9619 /* LaunchScreen.storyboard in Resources */ = {isa = PBXBuildFile; fileRef = F3AB6C1A2A9D8573008A9619 /* LaunchScreen.storyboard */; };
		F3AB6C282A9D8C1E008A9619 /* Main.storyboard in Resources */ = {isa = PBXBuildFile; fileRef = F3AB6C272A9D8C1E008A9619 /* Main.storyboard */; };
		F3AB6C2E2A9D8C37008A9619 /* HomePresenter.swift in Sources */ = {isa = PBXBuildFile; fileRef = F3AB6C292A9D8C37008A9619 /* HomePresenter.swift */; };
		F3AB6C2F2A9D8C37008A9619 /* HomeProtocols.swift in Sources */ = {isa = PBXBuildFile; fileRef = F3AB6C2A2A9D8C37008A9619 /* HomeProtocols.swift */; };
		F3AB6C302A9D8C37008A9619 /* HomeInteractor.swift in Sources */ = {isa = PBXBuildFile; fileRef = F3AB6C2B2A9D8C37008A9619 /* HomeInteractor.swift */; };
		F3AB6C312A9D8C37008A9619 /* HomeView.swift in Sources */ = {isa = PBXBuildFile; fileRef = F3AB6C2C2A9D8C37008A9619 /* HomeView.swift */; };
		F3AB6C322A9D8C37008A9619 /* HomeWireFrame.swift in Sources */ = {isa = PBXBuildFile; fileRef = F3AB6C2D2A9D8C37008A9619 /* HomeWireFrame.swift */; };
		F3AB6C342A9DA6BA008A9619 /* ApiPath.swift in Sources */ = {isa = PBXBuildFile; fileRef = F3AB6C332A9DA6BA008A9619 /* ApiPath.swift */; };
		F3AB6C362A9DA7A8008A9619 /* WebService.swift in Sources */ = {isa = PBXBuildFile; fileRef = F3AB6C352A9DA7A8008A9619 /* WebService.swift */; };
		F3AB6C382A9DA9B4008A9619 /* PokemonApiModels.swift in Sources */ = {isa = PBXBuildFile; fileRef = F3AB6C372A9DA9B4008A9619 /* PokemonApiModels.swift */; };
		F3AB6C492A9E82C5008A9619 /* PokemonTableViewCell.swift in Sources */ = {isa = PBXBuildFile; fileRef = F3AB6C472A9E82C5008A9619 /* PokemonTableViewCell.swift */; };
		F3AB6C4A2A9E82C5008A9619 /* PokemonTableViewCell.xib in Resources */ = {isa = PBXBuildFile; fileRef = F3AB6C482A9E82C5008A9619 /* PokemonTableViewCell.xib */; };
		F3AB6C4E2A9E924D008A9619 /* PokemonDetailModal.swift in Sources */ = {isa = PBXBuildFile; fileRef = F3AB6C4C2A9E924D008A9619 /* PokemonDetailModal.swift */; };
		F3AB6C4F2A9E924D008A9619 /* PokemonDetailModal.xib in Resources */ = {isa = PBXBuildFile; fileRef = F3AB6C4D2A9E924D008A9619 /* PokemonDetailModal.xib */; };
		F3AB6C542A9E99FD008A9619 /* UIImageView_Ext.swift in Sources */ = {isa = PBXBuildFile; fileRef = F3AB6C532A9E99FD008A9619 /* UIImageView_Ext.swift */; };
		F3AB6C572A9EE512008A9619 /* Navigation.swift in Sources */ = {isa = PBXBuildFile; fileRef = F3AB6C562A9EE512008A9619 /* Navigation.swift */; };
		F3AB6C592AA01D0E008A9619 /* UIViewController_Ext.swift in Sources */ = {isa = PBXBuildFile; fileRef = F3AB6C582AA01D0E008A9619 /* UIViewController_Ext.swift */; };
/* End PBXBuildFile section */

/* Begin PBXFileReference section */
		F3AB6C0C2A9D8573008A9619 /* PokemonApp_UiKit.app */ = {isa = PBXFileReference; explicitFileType = wrapper.application; includeInIndex = 0; path = PokemonApp_UiKit.app; sourceTree = BUILT_PRODUCTS_DIR; };
		F3AB6C0F2A9D8573008A9619 /* AppDelegate.swift */ = {isa = PBXFileReference; lastKnownFileType = sourcecode.swift; path = AppDelegate.swift; sourceTree = "<group>"; };
		F3AB6C132A9D8573008A9619 /* ViewController.swift */ = {isa = PBXFileReference; lastKnownFileType = sourcecode.swift; path = ViewController.swift; sourceTree = "<group>"; };
		F3AB6C182A9D8573008A9619 /* Assets.xcassets */ = {isa = PBXFileReference; lastKnownFileType = folder.assetcatalog; path = Assets.xcassets; sourceTree = "<group>"; };
		F3AB6C1B2A9D8573008A9619 /* Base */ = {isa = PBXFileReference; lastKnownFileType = file.storyboard; name = Base; path = Base.lproj/LaunchScreen.storyboard; sourceTree = "<group>"; };
		F3AB6C1D2A9D8573008A9619 /* Info.plist */ = {isa = PBXFileReference; lastKnownFileType = text.plist.xml; path = Info.plist; sourceTree = "<group>"; };
		F3AB6C272A9D8C1E008A9619 /* Main.storyboard */ = {isa = PBXFileReference; lastKnownFileType = file.storyboard; path = Main.storyboard; sourceTree = "<group>"; };
		F3AB6C292A9D8C37008A9619 /* HomePresenter.swift */ = {isa = PBXFileReference; lastKnownFileType = sourcecode.swift; path = HomePresenter.swift; sourceTree = "<group>"; };
		F3AB6C2A2A9D8C37008A9619 /* HomeProtocols.swift */ = {isa = PBXFileReference; lastKnownFileType = sourcecode.swift; path = HomeProtocols.swift; sourceTree = "<group>"; };
		F3AB6C2B2A9D8C37008A9619 /* HomeInteractor.swift */ = {isa = PBXFileReference; lastKnownFileType = sourcecode.swift; path = HomeInteractor.swift; sourceTree = "<group>"; };
		F3AB6C2C2A9D8C37008A9619 /* HomeView.swift */ = {isa = PBXFileReference; lastKnownFileType = sourcecode.swift; path = HomeView.swift; sourceTree = "<group>"; };
		F3AB6C2D2A9D8C37008A9619 /* HomeWireFrame.swift */ = {isa = PBXFileReference; lastKnownFileType = sourcecode.swift; path = HomeWireFrame.swift; sourceTree = "<group>"; };
		F3AB6C332A9DA6BA008A9619 /* ApiPath.swift */ = {isa = PBXFileReference; lastKnownFileType = sourcecode.swift; path = ApiPath.swift; sourceTree = "<group>"; };
		F3AB6C352A9DA7A8008A9619 /* WebService.swift */ = {isa = PBXFileReference; lastKnownFileType = sourcecode.swift; path = WebService.swift; sourceTree = "<group>"; };
		F3AB6C372A9DA9B4008A9619 /* PokemonApiModels.swift */ = {isa = PBXFileReference; lastKnownFileType = sourcecode.swift; path = PokemonApiModels.swift; sourceTree = "<group>"; };
		F3AB6C472A9E82C5008A9619 /* PokemonTableViewCell.swift */ = {isa = PBXFileReference; lastKnownFileType = sourcecode.swift; path = PokemonTableViewCell.swift; sourceTree = "<group>"; };
		F3AB6C482A9E82C5008A9619 /* PokemonTableViewCell.xib */ = {isa = PBXFileReference; lastKnownFileType = file.xib; path = PokemonTableViewCell.xib; sourceTree = "<group>"; };
		F3AB6C4C2A9E924D008A9619 /* PokemonDetailModal.swift */ = {isa = PBXFileReference; lastKnownFileType = sourcecode.swift; path = PokemonDetailModal.swift; sourceTree = "<group>"; };
		F3AB6C4D2A9E924D008A9619 /* PokemonDetailModal.xib */ = {isa = PBXFileReference; lastKnownFileType = file.xib; path = PokemonDetailModal.xib; sourceTree = "<group>"; };
		F3AB6C532A9E99FD008A9619 /* UIImageView_Ext.swift */ = {isa = PBXFileReference; lastKnownFileType = sourcecode.swift; path = UIImageView_Ext.swift; sourceTree = "<group>"; };
		F3AB6C562A9EE512008A9619 /* Navigation.swift */ = {isa = PBXFileReference; lastKnownFileType = sourcecode.swift; path = Navigation.swift; sourceTree = "<group>"; };
		F3AB6C582AA01D0E008A9619 /* UIViewController_Ext.swift */ = {isa = PBXFileReference; lastKnownFileType = sourcecode.swift; path = UIViewController_Ext.swift; sourceTree = "<group>"; };
/* End PBXFileReference section */

/* Begin PBXFrameworksBuildPhase section */
		F3AB6C092A9D8573008A9619 /* Frameworks */ = {
			isa = PBXFrameworksBuildPhase;
			buildActionMask = 2147483647;
			files = (
			);
			runOnlyForDeploymentPostprocessing = 0;
		};
/* End PBXFrameworksBuildPhase section */

/* Begin PBXGroup section */
		F3AB6C032A9D8573008A9619 = {
			isa = PBXGroup;
			children = (
				F3AB6C0E2A9D8573008A9619 /* PokemonApp_UiKit */,
				F3AB6C0D2A9D8573008A9619 /* Products */,
			);
			sourceTree = "<group>";
		};
		F3AB6C0D2A9D8573008A9619 /* Products */ = {
			isa = PBXGroup;
			children = (
				F3AB6C0C2A9D8573008A9619 /* PokemonApp_UiKit.app */,
			);
			name = Products;
			sourceTree = "<group>";
		};
		F3AB6C0E2A9D8573008A9619 /* PokemonApp_UiKit */ = {
			isa = PBXGroup;
			children = (
				F3AB6C552A9EE4E4008A9619 /* Navigation */,
				F3AB6C522A9E99C3008A9619 /* Extensions */,
				F3AB6C252A9D8B09008A9619 /* Networking */,
				F3AB6C242A9D8AF0008A9619 /* Models */,
				F3AB6C4B2A9E921A008A9619 /* Modals */,
				F3AB6C232A9D8A9B008A9619 /* Flows */,
				F3AB6C0F2A9D8573008A9619 /* AppDelegate.swift */,
				F3AB6C132A9D8573008A9619 /* ViewController.swift */,
				F3AB6C182A9D8573008A9619 /* Assets.xcassets */,
				F3AB6C1A2A9D8573008A9619 /* LaunchScreen.storyboard */,
				F3AB6C1D2A9D8573008A9619 /* Info.plist */,
			);
			path = PokemonApp_UiKit;
			sourceTree = "<group>";
		};
		F3AB6C232A9D8A9B008A9619 /* Flows */ = {
			isa = PBXGroup;
			children = (
				F3AB6C262A9D8B49008A9619 /* Home */,
			);
			path = Flows;
			sourceTree = "<group>";
		};
		F3AB6C242A9D8AF0008A9619 /* Models */ = {
			isa = PBXGroup;
			children = (
				F3AB6C372A9DA9B4008A9619 /* PokemonApiModels.swift */,
			);
			path = Models;
			sourceTree = "<group>";
		};
		F3AB6C252A9D8B09008A9619 /* Networking */ = {
			isa = PBXGroup;
			children = (
				F3AB6C332A9DA6BA008A9619 /* ApiPath.swift */,
				F3AB6C352A9DA7A8008A9619 /* WebService.swift */,
			);
			path = Networking;
			sourceTree = "<group>";
		};
		F3AB6C262A9D8B49008A9619 /* Home */ = {
			isa = PBXGroup;
			children = (
				F3AB6C462A9E8277008A9619 /* Cells */,
				F3AB6C272A9D8C1E008A9619 /* Main.storyboard */,
				F3AB6C292A9D8C37008A9619 /* HomePresenter.swift */,
				F3AB6C2A2A9D8C37008A9619 /* HomeProtocols.swift */,
				F3AB6C2B2A9D8C37008A9619 /* HomeInteractor.swift */,
				F3AB6C2C2A9D8C37008A9619 /* HomeView.swift */,
				F3AB6C2D2A9D8C37008A9619 /* HomeWireFrame.swift */,
			);
			path = Home;
			sourceTree = "<group>";
		};
		F3AB6C462A9E8277008A9619 /* Cells */ = {
			isa = PBXGroup;
			children = (
				F3AB6C472A9E82C5008A9619 /* PokemonTableViewCell.swift */,
				F3AB6C482A9E82C5008A9619 /* PokemonTableViewCell.xib */,
			);
			path = Cells;
			sourceTree = "<group>";
		};
		F3AB6C4B2A9E921A008A9619 /* Modals */ = {
			isa = PBXGroup;
			children = (
				F3AB6C4C2A9E924D008A9619 /* PokemonDetailModal.swift */,
				F3AB6C4D2A9E924D008A9619 /* PokemonDetailModal.xib */,
			);
			path = Modals;
			sourceTree = "<group>";
		};
		F3AB6C522A9E99C3008A9619 /* Extensions */ = {
			isa = PBXGroup;
			children = (
				F3AB6C532A9E99FD008A9619 /* UIImageView_Ext.swift */,
				F3AB6C582AA01D0E008A9619 /* UIViewController_Ext.swift */,
			);
			path = Extensions;
			sourceTree = "<group>";
		};
		F3AB6C552A9EE4E4008A9619 /* Navigation */ = {
			isa = PBXGroup;
			children = (
				F3AB6C562A9EE512008A9619 /* Navigation.swift */,
			);
			path = Navigation;
			sourceTree = "<group>";
		};
/* End PBXGroup section */

/* Begin PBXNativeTarget section */
		F3AB6C0B2A9D8573008A9619 /* PokemonApp_UiKit */ = {
			isa = PBXNativeTarget;
			buildConfigurationList = F3AB6C202A9D8573008A9619 /* Build configuration list for PBXNativeTarget "PokemonApp_UiKit" */;
			buildPhases = (
				F3AB6C082A9D8573008A9619 /* Sources */,
				F3AB6C092A9D8573008A9619 /* Frameworks */,
				F3AB6C0A2A9D8573008A9619 /* Resources */,
			);
			buildRules = (
			);
			dependencies = (
			);
			name = PokemonApp_UiKit;
			productName = PokemonApp_UiKit;
			productReference = F3AB6C0C2A9D8573008A9619 /* PokemonApp_UiKit.app */;
			productType = "com.apple.product-type.application";
		};
/* End PBXNativeTarget section */

/* Begin PBXProject section */
		F3AB6C042A9D8573008A9619 /* Project object */ = {
			isa = PBXProject;
			attributes = {
				BuildIndependentTargetsInParallel = 1;
				LastSwiftUpdateCheck = 1430;
				LastUpgradeCheck = 1430;
				TargetAttributes = {
					F3AB6C0B2A9D8573008A9619 = {
						CreatedOnToolsVersion = 14.3.1;
					};
				};
			};
			buildConfigurationList = F3AB6C072A9D8573008A9619 /* Build configuration list for PBXProject "PokemonApp_UiKit" */;
			compatibilityVersion = "Xcode 14.0";
			developmentRegion = en;
			hasScannedForEncodings = 0;
			knownRegions = (
				en,
				Base,
			);
			mainGroup = F3AB6C032A9D8573008A9619;
			productRefGroup = F3AB6C0D2A9D8573008A9619 /* Products */;
			projectDirPath = "";
			projectRoot = "";
			targets = (
				F3AB6C0B2A9D8573008A9619 /* PokemonApp_UiKit */,
			);
		};
/* End PBXProject section */

/* Begin PBXResourcesBuildPhase section */
		F3AB6C0A2A9D8573008A9619 /* Resources */ = {
			isa = PBXResourcesBuildPhase;
			buildActionMask = 2147483647;
			files = (
				F3AB6C1C2A9D8573008A9619 /* LaunchScreen.storyboard in Resources */,
				F3AB6C4A2A9E82C5008A9619 /* PokemonTableViewCell.xib in Resources */,
				F3AB6C192A9D8573008A9619 /* Assets.xcassets in Resources */,
				F3AB6C4F2A9E924D008A9619 /* PokemonDetailModal.xib in Resources */,
				F3AB6C282A9D8C1E008A9619 /* Main.storyboard in Resources */,
			);
			runOnlyForDeploymentPostprocessing = 0;
		};
/* End PBXResourcesBuildPhase section */

/* Begin PBXSourcesBuildPhase section */
		F3AB6C082A9D8573008A9619 /* Sources */ = {
			isa = PBXSourcesBuildPhase;
			buildActionMask = 2147483647;
			files = (
				F3AB6C542A9E99FD008A9619 /* UIImageView_Ext.swift in Sources */,
				F3AB6C142A9D8573008A9619 /* ViewController.swift in Sources */,
				F3AB6C592AA01D0E008A9619 /* UIViewController_Ext.swift in Sources */,
				F3AB6C382A9DA9B4008A9619 /* PokemonApiModels.swift in Sources */,
				F3AB6C322A9D8C37008A9619 /* HomeWireFrame.swift in Sources */,
				F3AB6C312A9D8C37008A9619 /* HomeView.swift in Sources */,
				F3AB6C342A9DA6BA008A9619 /* ApiPath.swift in Sources */,
				F3AB6C2F2A9D8C37008A9619 /* HomeProtocols.swift in Sources */,
				F3AB6C4E2A9E924D008A9619 /* PokemonDetailModal.swift in Sources */,
				F3AB6C102A9D8573008A9619 /* AppDelegate.swift in Sources */,
				F3AB6C302A9D8C37008A9619 /* HomeInteractor.swift in Sources */,
				F3AB6C492A9E82C5008A9619 /* PokemonTableViewCell.swift in Sources */,
				F3AB6C572A9EE512008A9619 /* Navigation.swift in Sources */,
				F3AB6C362A9DA7A8008A9619 /* WebService.swift in Sources */,
				F3AB6C2E2A9D8C37008A9619 /* HomePresenter.swift in Sources */,
			);
			runOnlyForDeploymentPostprocessing = 0;
		};
/* End PBXSourcesBuildPhase section */

/* Begin PBXVariantGroup section */
		F3AB6C1A2A9D8573008A9619 /* LaunchScreen.storyboard */ = {
			isa = PBXVariantGroup;
			children = (
				F3AB6C1B2A9D8573008A9619 /* Base */,
			);
			name = LaunchScreen.storyboard;
			sourceTree = "<group>";
		};
/* End PBXVariantGroup section */

/* Begin XCBuildConfiguration section */
		F3AB6C1E2A9D8573008A9619 /* Debug */ = {
			isa = XCBuildConfiguration;
			buildSettings = {
				ALWAYS_SEARCH_USER_PATHS = NO;
				CLANG_ANALYZER_NONNULL = YES;
				CLANG_ANALYZER_NUMBER_OBJECT_CONVERSION = YES_AGGRESSIVE;
				CLANG_CXX_LANGUAGE_STANDARD = "gnu++20";
				CLANG_ENABLE_MODULES = YES;
				CLANG_ENABLE_OBJC_ARC = YES;
				CLANG_ENABLE_OBJC_WEAK = YES;
				CLANG_WARN_BLOCK_CAPTURE_AUTORELEASING = YES;
				CLANG_WARN_BOOL_CONVERSION = YES;
				CLANG_WARN_COMMA = YES;
				CLANG_WARN_CONSTANT_CONVERSION = YES;
				CLANG_WARN_DEPRECATED_OBJC_IMPLEMENTATIONS = YES;
				CLANG_WARN_DIRECT_OBJC_ISA_USAGE = YES_ERROR;
				CLANG_WARN_DOCUMENTATION_COMMENTS = YES;
				CLANG_WARN_EMPTY_BODY = YES;
				CLANG_WARN_ENUM_CONVERSION = YES;
				CLANG_WARN_INFINITE_RECURSION = YES;
				CLANG_WARN_INT_CONVERSION = YES;
				CLANG_WARN_NON_LITERAL_NULL_CONVERSION = YES;
				CLANG_WARN_OBJC_IMPLICIT_RETAIN_SELF = YES;
				CLANG_WARN_OBJC_LITERAL_CONVERSION = YES;
				CLANG_WARN_OBJC_ROOT_CLASS = YES_ERROR;
				CLANG_WARN_QUOTED_INCLUDE_IN_FRAMEWORK_HEADER = YES;
				CLANG_WARN_RANGE_LOOP_ANALYSIS = YES;
				CLANG_WARN_STRICT_PROTOTYPES = YES;
				CLANG_WARN_SUSPICIOUS_MOVE = YES;
				CLANG_WARN_UNGUARDED_AVAILABILITY = YES_AGGRESSIVE;
				CLANG_WARN_UNREACHABLE_CODE = YES;
				CLANG_WARN__DUPLICATE_METHOD_MATCH = YES;
				COPY_PHASE_STRIP = NO;
				DEBUG_INFORMATION_FORMAT = dwarf;
				ENABLE_STRICT_OBJC_MSGSEND = YES;
				ENABLE_TESTABILITY = YES;
				GCC_C_LANGUAGE_STANDARD = gnu11;
				GCC_DYNAMIC_NO_PIC = NO;
				GCC_NO_COMMON_BLOCKS = YES;
				GCC_OPTIMIZATION_LEVEL = 0;
				GCC_PREPROCESSOR_DEFINITIONS = (
					"DEBUG=1",
					"$(inherited)",
				);
				GCC_WARN_64_TO_32_BIT_CONVERSION = YES;
				GCC_WARN_ABOUT_RETURN_TYPE = YES_ERROR;
				GCC_WARN_UNDECLARED_SELECTOR = YES;
				GCC_WARN_UNINITIALIZED_AUTOS = YES_AGGRESSIVE;
				GCC_WARN_UNUSED_FUNCTION = YES;
				GCC_WARN_UNUSED_VARIABLE = YES;
				IPHONEOS_DEPLOYMENT_TARGET = 16.4;
				MTL_ENABLE_DEBUG_INFO = INCLUDE_SOURCE;
				MTL_FAST_MATH = YES;
				ONLY_ACTIVE_ARCH = YES;
				SDKROOT = iphoneos;
				SWIFT_ACTIVE_COMPILATION_CONDITIONS = DEBUG;
				SWIFT_OPTIMIZATION_LEVEL = "-Onone";
			};
			name = Debug;
		};
		F3AB6C1F2A9D8573008A9619 /* Release */ = {
			isa = XCBuildConfiguration;
			buildSettings = {
				ALWAYS_SEARCH_USER_PATHS = NO;
				CLANG_ANALYZER_NONNULL = YES;
				CLANG_ANALYZER_NUMBER_OBJECT_CONVERSION = YES_AGGRESSIVE;
				CLANG_CXX_LANGUAGE_STANDARD = "gnu++20";
				CLANG_ENABLE_MODULES = YES;
				CLANG_ENABLE_OBJC_ARC = YES;
				CLANG_ENABLE_OBJC_WEAK = YES;
				CLANG_WARN_BLOCK_CAPTURE_AUTORELEASING = YES;
				CLANG_WARN_BOOL_CONVERSION = YES;
				CLANG_WARN_COMMA = YES;
				CLANG_WARN_CONSTANT_CONVERSION = YES;
				CLANG_WARN_DEPRECATED_OBJC_IMPLEMENTATIONS = YES;
				CLANG_WARN_DIRECT_OBJC_ISA_USAGE = YES_ERROR;
				CLANG_WARN_DOCUMENTATION_COMMENTS = YES;
				CLANG_WARN_EMPTY_BODY = YES;
				CLANG_WARN_ENUM_CONVERSION = YES;
				CLANG_WARN_INFINITE_RECURSION = YES;
				CLANG_WARN_INT_CONVERSION = YES;
				CLANG_WARN_NON_LITERAL_NULL_CONVERSION = YES;
				CLANG_WARN_OBJC_IMPLICIT_RETAIN_SELF = YES;
				CLANG_WARN_OBJC_LITERAL_CONVERSION = YES;
				CLANG_WARN_OBJC_ROOT_CLASS = YES_ERROR;
				CLANG_WARN_QUOTED_INCLUDE_IN_FRAMEWORK_HEADER = YES;
				CLANG_WARN_RANGE_LOOP_ANALYSIS = YES;
				CLANG_WARN_STRICT_PROTOTYPES = YES;
				CLANG_WARN_SUSPICIOUS_MOVE = YES;
				CLANG_WARN_UNGUARDED_AVAILABILITY = YES_AGGRESSIVE;
				CLANG_WARN_UNREACHABLE_CODE = YES;
				CLANG_WARN__DUPLICATE_METHOD_MATCH = YES;
				COPY_PHASE_STRIP = NO;
				DEBUG_INFORMATION_FORMAT = "dwarf-with-dsym";
				ENABLE_NS_ASSERTIONS = NO;
				ENABLE_STRICT_OBJC_MSGSEND = YES;
				GCC_C_LANGUAGE_STANDARD = gnu11;
				GCC_NO_COMMON_BLOCKS = YES;
				GCC_WARN_64_TO_32_BIT_CONVERSION = YES;
				GCC_WARN_ABOUT_RETURN_TYPE = YES_ERROR;
				GCC_WARN_UNDECLARED_SELECTOR = YES;
				GCC_WARN_UNINITIALIZED_AUTOS = YES_AGGRESSIVE;
				GCC_WARN_UNUSED_FUNCTION = YES;
				GCC_WARN_UNUSED_VARIABLE = YES;
				IPHONEOS_DEPLOYMENT_TARGET = 16.4;
				MTL_ENABLE_DEBUG_INFO = NO;
				MTL_FAST_MATH = YES;
				SDKROOT = iphoneos;
				SWIFT_COMPILATION_MODE = wholemodule;
				SWIFT_OPTIMIZATION_LEVEL = "-O";
				VALIDATE_PRODUCT = YES;
			};
			name = Release;
		};
		F3AB6C212A9D8573008A9619 /* Debug */ = {
			isa = XCBuildConfiguration;
			buildSettings = {
				ASSETCATALOG_COMPILER_APPICON_NAME = AppIcon;
				ASSETCATALOG_COMPILER_GLOBAL_ACCENT_COLOR_NAME = AccentColor;
				CODE_SIGN_STYLE = Automatic;
				CURRENT_PROJECT_VERSION = 1;
				DEVELOPMENT_TEAM = H9M32QTSYX;
				GENERATE_INFOPLIST_FILE = YES;
				INFOPLIST_FILE = PokemonApp_UiKit/Info.plist;
				INFOPLIST_KEY_UIApplicationSupportsIndirectInputEvents = YES;
				INFOPLIST_KEY_UILaunchStoryboardName = LaunchScreen;
				INFOPLIST_KEY_UIMainStoryboardFile = Main;
				INFOPLIST_KEY_UISupportedInterfaceOrientations_iPad = "UIInterfaceOrientationPortrait UIInterfaceOrientationPortraitUpsideDown UIInterfaceOrientationLandscapeLeft UIInterfaceOrientationLandscapeRight";
				INFOPLIST_KEY_UISupportedInterfaceOrientations_iPhone = "UIInterfaceOrientationPortrait UIInterfaceOrientationLandscapeLeft UIInterfaceOrientationLandscapeRight";
				IPHONEOS_DEPLOYMENT_TARGET = 14.0;
				LD_RUNPATH_SEARCH_PATHS = (
					"$(inherited)",
					"@executable_path/Frameworks",
				);
				MARKETING_VERSION = 1.0;
				PRODUCT_BUNDLE_IDENTIFIER = "juanp.PokemonApp-UiKit";
				PRODUCT_NAME = "$(TARGET_NAME)";
				SUPPORTED_PLATFORMS = "iphoneos iphonesimulator";
				SUPPORTS_MACCATALYST = NO;
				SUPPORTS_MAC_DESIGNED_FOR_IPHONE_IPAD = NO;
				SWIFT_EMIT_LOC_STRINGS = YES;
				SWIFT_VERSION = 5.0;
				TARGETED_DEVICE_FAMILY = "1,2";
			};
			name = Debug;
		};
		F3AB6C222A9D8573008A9619 /* Release */ = {
			isa = XCBuildConfiguration;
			buildSettings = {
				ASSETCATALOG_COMPILER_APPICON_NAME = AppIcon;
				ASSETCATALOG_COMPILER_GLOBAL_ACCENT_COLOR_NAME = AccentColor;
				CODE_SIGN_STYLE = Automatic;
				CURRENT_PROJECT_VERSION = 1;
				DEVELOPMENT_TEAM = H9M32QTSYX;
				GENERATE_INFOPLIST_FILE = YES;
				INFOPLIST_FILE = PokemonApp_UiKit/Info.plist;
				INFOPLIST_KEY_UIApplicationSupportsIndirectInputEvents = YES;
				INFOPLIST_KEY_UILaunchStoryboardName = LaunchScreen;
				INFOPLIST_KEY_UIMainStoryboardFile = Main;
				INFOPLIST_KEY_UISupportedInterfaceOrientations_iPad = "UIInterfaceOrientationPortrait UIInterfaceOrientationPortraitUpsideDown UIInterfaceOrientationLandscapeLeft UIInterfaceOrientationLandscapeRight";
				INFOPLIST_KEY_UISupportedInterfaceOrientations_iPhone = "UIInterfaceOrientationPortrait UIInterfaceOrientationLandscapeLeft UIInterfaceOrientationLandscapeRight";
				IPHONEOS_DEPLOYMENT_TARGET = 14.0;
				LD_RUNPATH_SEARCH_PATHS = (
					"$(inherited)",
					"@executable_path/Frameworks",
				);
				MARKETING_VERSION = 1.0;
				PRODUCT_BUNDLE_IDENTIFIER = "juanp.PokemonApp-UiKit";
				PRODUCT_NAME = "$(TARGET_NAME)";
				SUPPORTED_PLATFORMS = "iphoneos iphonesimulator";
				SUPPORTS_MACCATALYST = NO;
				SUPPORTS_MAC_DESIGNED_FOR_IPHONE_IPAD = NO;
				SWIFT_EMIT_LOC_STRINGS = YES;
				SWIFT_VERSION = 5.0;
				TARGETED_DEVICE_FAMILY = "1,2";
			};
			name = Release;
		};
/* End XCBuildConfiguration section */

/* Begin XCConfigurationList section */
		F3AB6C072A9D8573008A9619 /* Build configuration list for PBXProject "PokemonApp_UiKit" */ = {
			isa = XCConfigurationList;
			buildConfigurations = (
				F3AB6C1E2A9D8573008A9619 /* Debug */,
				F3AB6C1F2A9D8573008A9619 /* Release */,
			);
			defaultConfigurationIsVisible = 0;
			defaultConfigurationName = Release;
		};
		F3AB6C202A9D8573008A9619 /* Build configuration list for PBXNativeTarget "PokemonApp_UiKit" */ = {
			isa = XCConfigurationList;
			buildConfigurations = (
				F3AB6C212A9D8573008A9619 /* Debug */,
				F3AB6C222A9D8573008A9619 /* Release */,
			);
			defaultConfigurationIsVisible = 0;
			defaultConfigurationName = Release;
		};
/* End XCConfigurationList section */
	};
	rootObject = F3AB6C042A9D8573008A9619 /* Project object */;
}
